
Microsoft Visual Studio Solution File, Format Version 12.00
# Visual Studio Version 17
VisualStudioVersion = 17.0.32112.339
MinimumVisualStudioVersion = 10.0.40219.1
Project("{2150E333-8FDC-42A3-9474-1A3956D46DE8}") = "Src", "Src", "{D030AA76-75E5-4B76-8036-4A276CF362B7}"
EndProject
Project("{2150E333-8FDC-42A3-9474-1A3956D46DE8}") = "Tests", "Tests", "{86843E32-F414-43C3-9285-609C6E655128}"
EndProject
Project("{2150E333-8FDC-42A3-9474-1A3956D46DE8}") = "Core", "Core", "{403717DC-76CE-47CF-A857-9C48224EDF07}"
EndProject
Project("{9A19103F-16F7-4668-BE54-9A1E7A4F7556}") = "EP.Domain", "EP.Domain\EP.Domain.csproj", "{3A26485E-0B48-4188-95C6-EC856E60FF06}"
EndProject
Project("{9A19103F-16F7-4668-BE54-9A1E7A4F7556}") = "EP.Application", "EP.Application\EP.Application.csproj", "{438F3A09-A918-458C-8374-ED89E92490DD}"
EndProject
Project("{2150E333-8FDC-42A3-9474-1A3956D46DE8}") = "EP.Presentation", "EP.Presentation", "{1FF876B1-F363-457E-9F32-6AE3E082C0FD}"
EndProject
Project("{2150E333-8FDC-42A3-9474-1A3956D46DE8}") = "EP.Infrastructure", "EP.Infrastructure", "{75B3FE19-0FF6-4FA0-AB89-6F0A8AC64952}"
EndProject
Project("{9A19103F-16F7-4668-BE54-9A1E7A4F7556}") = "EP.Infrastructure", "EP.Infrastructure\EP.Infrastructure.csproj", "{E19F288A-A38A-4EAF-BE16-CA0BEBF48139}"
EndProject
Project("{9A19103F-16F7-4668-BE54-9A1E7A4F7556}") = "EP.Persistence", "EP.Persistence\EP.Persistence.csproj", "{07835C2E-DD87-4196-BD08-17DAC02CE3A2}"
EndProject
Project("{9A19103F-16F7-4668-BE54-9A1E7A4F7556}") = "People.WebSite", "People.WebSite\People.WebSite.csproj", "{39A0FC84-C9EB-44FD-84B5-6E4AE5FD2A47}"
EndProject
Global
	GlobalSection(SolutionConfigurationPlatforms) = preSolution
		Debug|Any CPU = Debug|Any CPU
		Release|Any CPU = Release|Any CPU
	EndGlobalSection
	GlobalSection(ProjectConfigurationPlatforms) = postSolution
		{3A26485E-0B48-4188-95C6-EC856E60FF06}.Debug|Any CPU.ActiveCfg = Debug|Any CPU
		{3A26485E-0B48-4188-95C6-EC856E60FF06}.Debug|Any CPU.Build.0 = Debug|Any CPU
		{3A26485E-0B48-4188-95C6-EC856E60FF06}.Release|Any CPU.ActiveCfg = Release|Any CPU
		{3A26485E-0B48-4188-95C6-EC856E60FF06}.Release|Any CPU.Build.0 = Release|Any CPU
		{438F3A09-A918-458C-8374-ED89E92490DD}.Debug|Any CPU.ActiveCfg = Debug|Any CPU
		{438F3A09-A918-458C-8374-ED89E92490DD}.Debug|Any CPU.Build.0 = Debug|Any CPU
		{438F3A09-A918-458C-8374-ED89E92490DD}.Release|Any CPU.ActiveCfg = Release|Any CPU
		{438F3A09-A918-458C-8374-ED89E92490DD}.Release|Any CPU.Build.0 = Release|Any CPU
		{E19F288A-A38A-4EAF-BE16-CA0BEBF48139}.Debug|Any CPU.ActiveCfg = Debug|Any CPU
		{E19F288A-A38A-4EAF-BE16-CA0BEBF48139}.Debug|Any CPU.Build.0 = Debug|Any CPU
		{E19F288A-A38A-4EAF-BE16-CA0BEBF48139}.Release|Any CPU.ActiveCfg = Release|Any CPU
		{E19F288A-A38A-4EAF-BE16-CA0BEBF48139}.Release|Any CPU.Build.0 = Release|Any CPU
		{07835C2E-DD87-4196-BD08-17DAC02CE3A2}.Debug|Any CPU.ActiveCfg = Debug|Any CPU
		{07835C2E-DD87-4196-BD08-17DAC02CE3A2}.Debug|Any CPU.Build.0 = Debug|Any CPU
		{07835C2E-DD87-4196-BD08-17DAC02CE3A2}.Release|Any CPU.ActiveCfg = Release|Any CPU
		{07835C2E-DD87-4196-BD08-17DAC02CE3A2}.Release|Any CPU.Build.0 = Release|Any CPU
		{39A0FC84-C9EB-44FD-84B5-6E4AE5FD2A47}.Debug|Any CPU.ActiveCfg = Debug|Any CPU
		{39A0FC84-C9EB-44FD-84B5-6E4AE5FD2A47}.Debug|Any CPU.Build.0 = Debug|Any CPU
		{39A0FC84-C9EB-44FD-84B5-6E4AE5FD2A47}.Release|Any CPU.ActiveCfg = Release|Any CPU
		{39A0FC84-C9EB-44FD-84B5-6E4AE5FD2A47}.Release|Any CPU.Build.0 = Release|Any CPU
	EndGlobalSection
	GlobalSection(SolutionProperties) = preSolution
		HideSolutionNode = FALSE
	EndGlobalSection
	GlobalSection(NestedProjects) = preSolution
		{403717DC-76CE-47CF-A857-9C48224EDF07} = {D030AA76-75E5-4B76-8036-4A276CF362B7}
		{3A26485E-0B48-4188-95C6-EC856E60FF06} = {403717DC-76CE-47CF-A857-9C48224EDF07}
		{438F3A09-A918-458C-8374-ED89E92490DD} = {403717DC-76CE-47CF-A857-9C48224EDF07}
		{1FF876B1-F363-457E-9F32-6AE3E082C0FD} = {D030AA76-75E5-4B76-8036-4A276CF362B7}
		{75B3FE19-0FF6-4FA0-AB89-6F0A8AC64952} = {D030AA76-75E5-4B76-8036-4A276CF362B7}
		{E19F288A-A38A-4EAF-BE16-CA0BEBF48139} = {75B3FE19-0FF6-4FA0-AB89-6F0A8AC64952}
		{07835C2E-DD87-4196-BD08-17DAC02CE3A2} = {75B3FE19-0FF6-4FA0-AB89-6F0A8AC64952}
		{39A0FC84-C9EB-44FD-84B5-6E4AE5FD2A47} = {1FF876B1-F363-457E-9F32-6AE3E082C0FD}
	EndGlobalSection
	GlobalSection(ExtensibilityGlobals) = postSolution
		SolutionGuid = {3008C160-58DC-491A-ABA4-9669DFB92E7B}
	EndGlobalSection
EndGlobal
